
Microsoft Visual Studio Solution File, Format Version 12.00
# 
Project("{FAE04EC0-301F-11D3-BF4B-00C04F79EFBC}") = "Modules.Identity.Core", "Modules\Identity\Modules.Identity.Core\Modules.Identity.Core.csproj", "{51B6E3E4-5673-420F-AD5F-821F844312F4}"
EndProject
Project("{FAE04EC0-301F-11D3-BF4B-00C04F79EFBC}") = "HealMe.API", "HealMe.API\HealMe.API.csproj", "{93956EFC-EE9D-431D-B164-24495E5D0E77}"
EndProject
Project("{2150E333-8FDC-42A3-9474-1A3956D46DE8}") = "Modules", "Modules", "{F21DE10C-938B-4418-ABC9-9382B146B3B8}"
EndProject
Project("{2150E333-8FDC-42A3-9474-1A3956D46DE8}") = "Identity", "Identity", "{7D946A2F-FC4D-4838-88F4-D620E65FD6C1}"
EndProject
Project("{FAE04EC0-301F-11D3-BF4B-00C04F79EFBC}") = "Modules.Identity.Infrastructure", "Modules\Identity\Modules.Identity.Infrastructure\Modules.Identity.Infrastructure.csproj", "{BBF02354-FCB6-4D18-9887-B09EDE806457}"
EndProject
Project("{FAE04EC0-301F-11D3-BF4B-00C04F79EFBC}") = "Modules.Identity.Api", "Modules\Identity\Modules.Identity.Api\Modules.Identity.Api.csproj", "{945B0FFD-5697-471D-82E8-924FEF876E44}"
EndProject
Project("{2150E333-8FDC-42A3-9474-1A3956D46DE8}") = "Doctors", "Doctors", "{B0B09C06-042B-4F9C-AC46-194B3FC3FD38}"
EndProject
Project("{FAE04EC0-301F-11D3-BF4B-00C04F79EFBC}") = "Modules.Doctors.Core", "Modules\Doctors\Modules.Doctors.Core\Modules.Doctors.Core.csproj", "{20B3E1B7-D5E7-4CB6-BB0D-7A9F8A06E149}"
EndProject
Project("{FAE04EC0-301F-11D3-BF4B-00C04F79EFBC}") = "Modules.Doctors.Infrastructure", "Modules\Doctors\Modules.Doctors.Infrastructure\Modules.Doctors.Infrastructure.csproj", "{2F3B2986-CC99-4F34-9312-FC4FF9A9D620}"
EndProject
Project("{FAE04EC0-301F-11D3-BF4B-00C04F79EFBC}") = "Modules.Doctors.Api", "Modules\Doctors\Modules.Doctors.Api\Modules.Doctors.Api.csproj", "{2D62E4AE-5416-4267-ABF6-FBD060525B84}"
EndProject
Project("{FAE04EC0-301F-11D3-BF4B-00C04F79EFBC}") = "Modules.Patients.Api", "Modules\Patients\Modules.Patients.Api\Modules.Patients.Api.csproj", "{3E8DF0BE-01FD-4697-B1D0-5401AF7ADC2A}"
EndProject
Project("{2150E333-8FDC-42A3-9474-1A3956D46DE8}") = "Patients", "Patients", "{54521302-1199-4C54-909D-E314024E283D}"
EndProject
Project("{FAE04EC0-301F-11D3-BF4B-00C04F79EFBC}") = "Modules.Patients.Core", "Modules\Patients\Modules.Patients.Core\Modules.Patients.Core.csproj", "{016D7002-AE59-4DE6-A92A-82239C25484F}"
EndProject
Project("{FAE04EC0-301F-11D3-BF4B-00C04F79EFBC}") = "Modules.Patients.Infrastructure", "Modules\Patients\Modules.Patients.Infrastructure\Modules.Patients.Infrastructure.csproj", "{F6D3EAEA-6C7C-43CF-8EC6-6662B3CC1048}"
EndProject
Project("{2150E333-8FDC-42A3-9474-1A3956D46DE8}") = "AI", "AI", "{4E860245-A14F-4C32-A56C-4623D6B14157}"
EndProject
Project("{FAE04EC0-301F-11D3-BF4B-00C04F79EFBC}") = "Modules.AI.Core", "Modules\AI\Modules.AI.Core\Modules.AI.Core.csproj", "{B411AC68-3E2A-4901-89E0-FC1114AD56FD}"
EndProject
Project("{FAE04EC0-301F-11D3-BF4B-00C04F79EFBC}") = "Modules.AI.Infrastructure", "Modules\AI\Modules.AI.Infrastructure\Modules.AI.Infrastructure.csproj", "{49E7936C-36E8-4388-896B-05DAA93B428E}"
EndProject
Project("{FAE04EC0-301F-11D3-BF4B-00C04F79EFBC}") = "Modules.AI.Api", "Modules\AI\Modules.AI.Api\Modules.AI.Api.csproj", "{EF1BFC98-CB29-4A06-88D7-16EF63521C19}"
EndProject
Project("{2150E333-8FDC-42A3-9474-1A3956D46DE8}") = "Appointments", "Appointments", "{BC9F98AD-CF14-4703-98AF-A6BBAB967F7C}"
EndProject
Project("{FAE04EC0-301F-11D3-BF4B-00C04F79EFBC}") = "Modules.Appointments.Core", "Modules\Appointments\Modules.Appointments.Core\Modules.Appointments.Core.csproj", "{9B809F20-3623-4855-A480-068C91DBB758}"
EndProject
Project("{FAE04EC0-301F-11D3-BF4B-00C04F79EFBC}") = "Modules.Appointments.Infrastructure", "Modules\Appointments\Modules.Appointments.Infrastructure\Modules.Appointments.Infrastructure.csproj", "{B810B736-8CE0-4225-A493-C2150DE800EF}"
EndProject
Project("{FAE04EC0-301F-11D3-BF4B-00C04F79EFBC}") = "Modules.Appointments.Api", "Modules\Appointments\Modules.Appointments.Api\Modules.Appointments.Api.csproj", "{A38DBB2E-65E1-49CF-961A-3F81C94A7FF0}"
EndProject
Global
	GlobalSection(SolutionConfigurationPlatforms) = preSolution
		Debug|Any CPU = Debug|Any CPU
		Release|Any CPU = Release|Any CPU
	EndGlobalSection
	GlobalSection(ProjectConfigurationPlatforms) = postSolution
		{51B6E3E4-5673-420F-AD5F-821F844312F4}.Debug|Any CPU.ActiveCfg = Debug|Any CPU
		{51B6E3E4-5673-420F-AD5F-821F844312F4}.Debug|Any CPU.Build.0 = Debug|Any CPU
		{51B6E3E4-5673-420F-AD5F-821F844312F4}.Release|Any CPU.ActiveCfg = Release|Any CPU
		{51B6E3E4-5673-420F-AD5F-821F844312F4}.Release|Any CPU.Build.0 = Release|Any CPU
		{93956EFC-EE9D-431D-B164-24495E5D0E77}.Debug|Any CPU.ActiveCfg = Debug|Any CPU
		{93956EFC-EE9D-431D-B164-24495E5D0E77}.Debug|Any CPU.Build.0 = Debug|Any CPU
		{93956EFC-EE9D-431D-B164-24495E5D0E77}.Release|Any CPU.ActiveCfg = Release|Any CPU
		{93956EFC-EE9D-431D-B164-24495E5D0E77}.Release|Any CPU.Build.0 = Release|Any CPU
		{BBF02354-FCB6-4D18-9887-B09EDE806457}.Debug|Any CPU.ActiveCfg = Debug|Any CPU
		{BBF02354-FCB6-4D18-9887-B09EDE806457}.Debug|Any CPU.Build.0 = Debug|Any CPU
		{BBF02354-FCB6-4D18-9887-B09EDE806457}.Release|Any CPU.ActiveCfg = Release|Any CPU
		{BBF02354-FCB6-4D18-9887-B09EDE806457}.Release|Any CPU.Build.0 = Release|Any CPU
		{945B0FFD-5697-471D-82E8-924FEF876E44}.Debug|Any CPU.ActiveCfg = Debug|Any CPU
		{945B0FFD-5697-471D-82E8-924FEF876E44}.Debug|Any CPU.Build.0 = Debug|Any CPU
		{945B0FFD-5697-471D-82E8-924FEF876E44}.Release|Any CPU.ActiveCfg = Release|Any CPU
		{945B0FFD-5697-471D-82E8-924FEF876E44}.Release|Any CPU.Build.0 = Release|Any CPU
		{20B3E1B7-D5E7-4CB6-BB0D-7A9F8A06E149}.Debug|Any CPU.ActiveCfg = Debug|Any CPU
		{20B3E1B7-D5E7-4CB6-BB0D-7A9F8A06E149}.Debug|Any CPU.Build.0 = Debug|Any CPU
		{20B3E1B7-D5E7-4CB6-BB0D-7A9F8A06E149}.Release|Any CPU.ActiveCfg = Release|Any CPU
		{20B3E1B7-D5E7-4CB6-BB0D-7A9F8A06E149}.Release|Any CPU.Build.0 = Release|Any CPU
		{2F3B2986-CC99-4F34-9312-FC4FF9A9D620}.Debug|Any CPU.ActiveCfg = Debug|Any CPU
		{2F3B2986-CC99-4F34-9312-FC4FF9A9D620}.Debug|Any CPU.Build.0 = Debug|Any CPU
		{2F3B2986-CC99-4F34-9312-FC4FF9A9D620}.Release|Any CPU.ActiveCfg = Release|Any CPU
		{2F3B2986-CC99-4F34-9312-FC4FF9A9D620}.Release|Any CPU.Build.0 = Release|Any CPU
		{2D62E4AE-5416-4267-ABF6-FBD060525B84}.Debug|Any CPU.ActiveCfg = Debug|Any CPU
		{2D62E4AE-5416-4267-ABF6-FBD060525B84}.Debug|Any CPU.Build.0 = Debug|Any CPU
		{2D62E4AE-5416-4267-ABF6-FBD060525B84}.Release|Any CPU.ActiveCfg = Release|Any CPU
		{2D62E4AE-5416-4267-ABF6-FBD060525B84}.Release|Any CPU.Build.0 = Release|Any CPU
		{3E8DF0BE-01FD-4697-B1D0-5401AF7ADC2A}.Debug|Any CPU.ActiveCfg = Debug|Any CPU
		{3E8DF0BE-01FD-4697-B1D0-5401AF7ADC2A}.Debug|Any CPU.Build.0 = Debug|Any CPU
		{3E8DF0BE-01FD-4697-B1D0-5401AF7ADC2A}.Release|Any CPU.ActiveCfg = Release|Any CPU
		{3E8DF0BE-01FD-4697-B1D0-5401AF7ADC2A}.Release|Any CPU.Build.0 = Release|Any CPU
		{016D7002-AE59-4DE6-A92A-82239C25484F}.Debug|Any CPU.ActiveCfg = Debug|Any CPU
		{016D7002-AE59-4DE6-A92A-82239C25484F}.Debug|Any CPU.Build.0 = Debug|Any CPU
		{016D7002-AE59-4DE6-A92A-82239C25484F}.Release|Any CPU.ActiveCfg = Release|Any CPU
		{016D7002-AE59-4DE6-A92A-82239C25484F}.Release|Any CPU.Build.0 = Release|Any CPU
		{F6D3EAEA-6C7C-43CF-8EC6-6662B3CC1048}.Debug|Any CPU.ActiveCfg = Debug|Any CPU
		{F6D3EAEA-6C7C-43CF-8EC6-6662B3CC1048}.Debug|Any CPU.Build.0 = Debug|Any CPU
		{F6D3EAEA-6C7C-43CF-8EC6-6662B3CC1048}.Release|Any CPU.ActiveCfg = Release|Any CPU
		{F6D3EAEA-6C7C-43CF-8EC6-6662B3CC1048}.Release|Any CPU.Build.0 = Release|Any CPU
		{B411AC68-3E2A-4901-89E0-FC1114AD56FD}.Debug|Any CPU.ActiveCfg = Debug|Any CPU
		{B411AC68-3E2A-4901-89E0-FC1114AD56FD}.Debug|Any CPU.Build.0 = Debug|Any CPU
		{B411AC68-3E2A-4901-89E0-FC1114AD56FD}.Release|Any CPU.ActiveCfg = Release|Any CPU
		{B411AC68-3E2A-4901-89E0-FC1114AD56FD}.Release|Any CPU.Build.0 = Release|Any CPU
		{49E7936C-36E8-4388-896B-05DAA93B428E}.Debug|Any CPU.ActiveCfg = Debug|Any CPU
		{49E7936C-36E8-4388-896B-05DAA93B428E}.Debug|Any CPU.Build.0 = Debug|Any CPU
		{49E7936C-36E8-4388-896B-05DAA93B428E}.Release|Any CPU.ActiveCfg = Release|Any CPU
		{49E7936C-36E8-4388-896B-05DAA93B428E}.Release|Any CPU.Build.0 = Release|Any CPU
		{EF1BFC98-CB29-4A06-88D7-16EF63521C19}.Debug|Any CPU.ActiveCfg = Debug|Any CPU
		{EF1BFC98-CB29-4A06-88D7-16EF63521C19}.Debug|Any CPU.Build.0 = Debug|Any CPU
		{EF1BFC98-CB29-4A06-88D7-16EF63521C19}.Release|Any CPU.ActiveCfg = Release|Any CPU
		{EF1BFC98-CB29-4A06-88D7-16EF63521C19}.Release|Any CPU.Build.0 = Release|Any CPU
		{9B809F20-3623-4855-A480-068C91DBB758}.Debug|Any CPU.ActiveCfg = Debug|Any CPU
		{9B809F20-3623-4855-A480-068C91DBB758}.Debug|Any CPU.Build.0 = Debug|Any CPU
		{9B809F20-3623-4855-A480-068C91DBB758}.Release|Any CPU.ActiveCfg = Release|Any CPU
		{9B809F20-3623-4855-A480-068C91DBB758}.Release|Any CPU.Build.0 = Release|Any CPU
		{B810B736-8CE0-4225-A493-C2150DE800EF}.Debug|Any CPU.ActiveCfg = Debug|Any CPU
		{B810B736-8CE0-4225-A493-C2150DE800EF}.Debug|Any CPU.Build.0 = Debug|Any CPU
		{B810B736-8CE0-4225-A493-C2150DE800EF}.Release|Any CPU.ActiveCfg = Release|Any CPU
		{B810B736-8CE0-4225-A493-C2150DE800EF}.Release|Any CPU.Build.0 = Release|Any CPU
		{A38DBB2E-65E1-49CF-961A-3F81C94A7FF0}.Debug|Any CPU.ActiveCfg = Debug|Any CPU
		{A38DBB2E-65E1-49CF-961A-3F81C94A7FF0}.Debug|Any CPU.Build.0 = Debug|Any CPU
		{A38DBB2E-65E1-49CF-961A-3F81C94A7FF0}.Release|Any CPU.ActiveCfg = Release|Any CPU
		{A38DBB2E-65E1-49CF-961A-3F81C94A7FF0}.Release|Any CPU.Build.0 = Release|Any CPU
	EndGlobalSection
	GlobalSection(NestedProjects) = preSolution
		{7D946A2F-FC4D-4838-88F4-D620E65FD6C1} = {F21DE10C-938B-4418-ABC9-9382B146B3B8}
		{BBF02354-FCB6-4D18-9887-B09EDE806457} = {7D946A2F-FC4D-4838-88F4-D620E65FD6C1}
		{945B0FFD-5697-471D-82E8-924FEF876E44} = {7D946A2F-FC4D-4838-88F4-D620E65FD6C1}
		{51B6E3E4-5673-420F-AD5F-821F844312F4} = {7D946A2F-FC4D-4838-88F4-D620E65FD6C1}
		{B0B09C06-042B-4F9C-AC46-194B3FC3FD38} = {F21DE10C-938B-4418-ABC9-9382B146B3B8}
		{20B3E1B7-D5E7-4CB6-BB0D-7A9F8A06E149} = {B0B09C06-042B-4F9C-AC46-194B3FC3FD38}
		{2F3B2986-CC99-4F34-9312-FC4FF9A9D620} = {B0B09C06-042B-4F9C-AC46-194B3FC3FD38}
		{2D62E4AE-5416-4267-ABF6-FBD060525B84} = {B0B09C06-042B-4F9C-AC46-194B3FC3FD38}
		{54521302-1199-4C54-909D-E314024E283D} = {F21DE10C-938B-4418-ABC9-9382B146B3B8}
		{016D7002-AE59-4DE6-A92A-82239C25484F} = {54521302-1199-4C54-909D-E314024E283D}
		{F6D3EAEA-6C7C-43CF-8EC6-6662B3CC1048} = {54521302-1199-4C54-909D-E314024E283D}
		{3E8DF0BE-01FD-4697-B1D0-5401AF7ADC2A} = {54521302-1199-4C54-909D-E314024E283D}
		{4E860245-A14F-4C32-A56C-4623D6B14157} = {F21DE10C-938B-4418-ABC9-9382B146B3B8}
		{B411AC68-3E2A-4901-89E0-FC1114AD56FD} = {4E860245-A14F-4C32-A56C-4623D6B14157}
		{49E7936C-36E8-4388-896B-05DAA93B428E} = {4E860245-A14F-4C32-A56C-4623D6B14157}
		{EF1BFC98-CB29-4A06-88D7-16EF63521C19} = {4E860245-A14F-4C32-A56C-4623D6B14157}
		{BC9F98AD-CF14-4703-98AF-A6BBAB967F7C} = {F21DE10C-938B-4418-ABC9-9382B146B3B8}
		{9B809F20-3623-4855-A480-068C91DBB758} = {BC9F98AD-CF14-4703-98AF-A6BBAB967F7C}
		{B810B736-8CE0-4225-A493-C2150DE800EF} = {BC9F98AD-CF14-4703-98AF-A6BBAB967F7C}
		{A38DBB2E-65E1-49CF-961A-3F81C94A7FF0} = {BC9F98AD-CF14-4703-98AF-A6BBAB967F7C}
	EndGlobalSection
EndGlobal
